
Microsoft Visual Studio Solution File, Format Version 10.00
# Visual Studio 2008
Project("{8BC9CEB8-8B4A-11D0-8D11-00A0C91BC942}") = "test", "test\test.vcproj", "{1416B3F8-22DB-4672-97F5-E753FD13672B}"
EndProject
Global
	GlobalSection(SolutionConfigurationPlatforms) = preSolution
		Debug|SDKDemo (ARMV4I) = Debug|SDKDemo (ARMV4I)
		Debug|Windows Mobile 5.0 Pocket PC SDK (ARMV4I) = Debug|Windows Mobile 5.0 Pocket PC SDK (ARMV4I)
		Release|SDKDemo (ARMV4I) = Release|SDKDemo (ARMV4I)
		Release|Windows Mobile 5.0 Pocket PC SDK (ARMV4I) = Release|Windows Mobile 5.0 Pocket PC SDK (ARMV4I)
	EndGlobalSection
	GlobalSection(ProjectConfigurationPlatforms) = postSolution
		{1416B3F8-22DB-4672-97F5-E753FD13672B}.Debug|SDKDemo (ARMV4I).ActiveCfg = Debug|SDKDemo (ARMV4I)
		{1416B3F8-22DB-4672-97F5-E753FD13672B}.Debug|SDKDemo (ARMV4I).Build.0 = Debug|SDKDemo (ARMV4I)
		{1416B3F8-22DB-4672-97F5-E753FD13672B}.Debug|SDKDemo (ARMV4I).Deploy.0 = Debug|SDKDemo (ARMV4I)
		{1416B3F8-22DB-4672-97F5-E753FD13672B}.Debug|Windows Mobile 5.0 Pocket PC SDK (ARMV4I).ActiveCfg = Debug|Windows Mobile 5.0 Pocket PC SDK (ARMV4I)
		{1416B3F8-22DB-4672-97F5-E753FD13672B}.Debug|Windows Mobile 5.0 Pocket PC SDK (ARMV4I).Build.0 = Debug|Windows Mobile 5.0 Pocket PC SDK (ARMV4I)
		{1416B3F8-22DB-4672-97F5-E753FD13672B}.Debug|Windows Mobile 5.0 Pocket PC SDK (ARMV4I).Deploy.0 = Debug|Windows Mobile 5.0 Pocket PC SDK (ARMV4I)
		{1416B3F8-22DB-4672-97F5-E753FD13672B}.Release|SDKDemo (ARMV4I).ActiveCfg = Release|SDKDemo (ARMV4I)
		{1416B3F8-22DB-4672-97F5-E753FD13672B}.Release|SDKDemo (ARMV4I).Build.0 = Release|SDKDemo (ARMV4I)
		{1416B3F8-22DB-4672-97F5-E753FD13672B}.Release|SDKDemo (ARMV4I).Deploy.0 = Release|SDKDemo (ARMV4I)
		{1416B3F8-22DB-4672-97F5-E753FD13672B}.Release|Windows Mobile 5.0 Pocket PC SDK (ARMV4I).ActiveCfg = Release|Windows Mobile 5.0 Pocket PC SDK (ARMV4I)
		{1416B3F8-22DB-4672-97F5-E753FD13672B}.Release|Windows Mobile 5.0 Pocket PC SDK (ARMV4I).Build.0 = Release|Windows Mobile 5.0 Pocket PC SDK (ARMV4I)
		{1416B3F8-22DB-4672-97F5-E753FD13672B}.Release|Windows Mobile 5.0 Pocket PC SDK (ARMV4I).Deploy.0 = Release|Windows Mobile 5.0 Pocket PC SDK (ARMV4I)
	EndGlobalSection
	GlobalSection(SolutionProperties) = preSolution
		HideSolutionNode = FALSE
	EndGlobalSection
EndGlobal
