
Microsoft Visual Studio Solution File, Format Version 10.00
# Visual Studio 2008
Project("{8BC9CEB8-8B4A-11D0-8D11-00A0C91BC942}") = "s1", "s1\s1.vcproj", "{CF074DE1-E98E-4CF2-BEEC-7F554A758ECC}"
EndProject
Global
	GlobalSection(SolutionConfigurationPlatforms) = preSolution
		Debug|Pocket PC 2003 (ARMV4) = Debug|Pocket PC 2003 (ARMV4)
		Debug|SDKDemo (ARMV4I) = Debug|SDKDemo (ARMV4I)
		Debug|Windows Mobile 5.0 Pocket PC SDK (ARMV4I) = Debug|Windows Mobile 5.0 Pocket PC SDK (ARMV4I)
		Release|Pocket PC 2003 (ARMV4) = Release|Pocket PC 2003 (ARMV4)
		Release|SDKDemo (ARMV4I) = Release|SDKDemo (ARMV4I)
		Release|Windows Mobile 5.0 Pocket PC SDK (ARMV4I) = Release|Windows Mobile 5.0 Pocket PC SDK (ARMV4I)
	EndGlobalSection
	GlobalSection(ProjectConfigurationPlatforms) = postSolution
		{CF074DE1-E98E-4CF2-BEEC-7F554A758ECC}.Debug|Pocket PC 2003 (ARMV4).ActiveCfg = Debug|Windows Mobile 5.0 Pocket PC SDK (ARMV4I)
		{CF074DE1-E98E-4CF2-BEEC-7F554A758ECC}.Debug|SDKDemo (ARMV4I).ActiveCfg = Debug|SDKDemo (ARMV4I)
		{CF074DE1-E98E-4CF2-BEEC-7F554A758ECC}.Debug|SDKDemo (ARMV4I).Build.0 = Debug|SDKDemo (ARMV4I)
		{CF074DE1-E98E-4CF2-BEEC-7F554A758ECC}.Debug|SDKDemo (ARMV4I).Deploy.0 = Debug|SDKDemo (ARMV4I)
		{CF074DE1-E98E-4CF2-BEEC-7F554A758ECC}.Debug|Windows Mobile 5.0 Pocket PC SDK (ARMV4I).ActiveCfg = Debug|Windows Mobile 5.0 Pocket PC SDK (ARMV4I)
		{CF074DE1-E98E-4CF2-BEEC-7F554A758ECC}.Debug|Windows Mobile 5.0 Pocket PC SDK (ARMV4I).Build.0 = Debug|Windows Mobile 5.0 Pocket PC SDK (ARMV4I)
		{CF074DE1-E98E-4CF2-BEEC-7F554A758ECC}.Debug|Windows Mobile 5.0 Pocket PC SDK (ARMV4I).Deploy.0 = Debug|Windows Mobile 5.0 Pocket PC SDK (ARMV4I)
		{CF074DE1-E98E-4CF2-BEEC-7F554A758ECC}.Release|Pocket PC 2003 (ARMV4).ActiveCfg = Release|Windows Mobile 5.0 Pocket PC SDK (ARMV4I)
		{CF074DE1-E98E-4CF2-BEEC-7F554A758ECC}.Release|SDKDemo (ARMV4I).ActiveCfg = Release|SDKDemo (ARMV4I)
		{CF074DE1-E98E-4CF2-BEEC-7F554A758ECC}.Release|SDKDemo (ARMV4I).Build.0 = Release|SDKDemo (ARMV4I)
		{CF074DE1-E98E-4CF2-BEEC-7F554A758ECC}.Release|SDKDemo (ARMV4I).Deploy.0 = Release|SDKDemo (ARMV4I)
		{CF074DE1-E98E-4CF2-BEEC-7F554A758ECC}.Release|Windows Mobile 5.0 Pocket PC SDK (ARMV4I).ActiveCfg = Release|Windows Mobile 5.0 Pocket PC SDK (ARMV4I)
		{CF074DE1-E98E-4CF2-BEEC-7F554A758ECC}.Release|Windows Mobile 5.0 Pocket PC SDK (ARMV4I).Build.0 = Release|Windows Mobile 5.0 Pocket PC SDK (ARMV4I)
		{CF074DE1-E98E-4CF2-BEEC-7F554A758ECC}.Release|Windows Mobile 5.0 Pocket PC SDK (ARMV4I).Deploy.0 = Release|Windows Mobile 5.0 Pocket PC SDK (ARMV4I)
	EndGlobalSection
	GlobalSection(SolutionProperties) = preSolution
		HideSolutionNode = FALSE
	EndGlobalSection
EndGlobal
